<?xml version="1.0" encoding="utf-8"?>
<Project ToolsVersion="4.0" xmlns="http://schemas.microsoft.com/developer/msbuild/2003">
  <ItemGroup>
    <Filter Include="Quelldateien">
      <UniqueIdentifier>{4FC737F1-C7A5-4376-A066-2A32D752A2FF}</UniqueIdentifier>
      <Extensions>cpp;c;cc;cxx;def;odl;idl;hpj;bat;asm;asmx</Extensions>
    </Filter>
    <Filter Include="Headerdateien">
      <UniqueIdentifier>{93995380-89BD-4b04-88EB-625FBE52EBFB}</UniqueIdentifier>
      <Extensions>h;hh;hpp;hxx;hm;inl;inc;xsd</Extensions>
    </Filter>
    <Filter Include="Ressourcendateien">
      <UniqueIdentifier>{67DA6AB6-F800-4c08-8B7A-83BB121AAD01}</UniqueIdentifier>
      <Extensions>rc;ico;cur;bmp;dlg;rc2;rct;bin;rgs;gif;jpg;jpeg;jpe;resx;tiff;tif;png;wav;mfcribbon-ms</Extensions>
    </Filter>
  </ItemGroup>
  <ItemGroup>
    <ClCompile Include="pacMemory.cpp">
      <Filter>Quelldateien</Filter>
    </ClCompile>
    <ClCompile Include="pacSound.cpp">
      <Filter>Quelldateien</Filter>
    </ClCompile>
    <ClCompile Include="pacMath.cpp">
      <Filter>Quelldateien</Filter>
    </ClCompile>
    <ClCompile Include="pacGhosts.cpp">
      <Filter>Quelldateien</Filter>
    </ClCompile>
    <ClCompile Include="pacTile.cpp">
      <Filter>Quelldateien</Filter>
    </ClCompile>
    <ClCompile Include="pacError.cpp">
      <Filter>Quelldateien</Filter>
    </ClCompile>
    <ClCompile Include="pacIO.cpp">
      <Filter>Quelldateien</Filter>
    </ClCompile>
    <ClCompile Include="pacLevel.cpp">
      <Filter>Quelldateien</Filter>
    </ClCompile>
    <ClCompile Include="pacUtility.cpp">
      <Filter>Quelldateien</Filter>
    </ClCompile>
    <ClCompile Include="pacGame.cpp">
      <Filter>Quelldateien</Filter>
    </ClCompile>
    <ClCompile Include="MAIN.cpp">
      <Filter>Quelldateien</Filter>
    </ClCompile>
    <ClCompile Include="ExtSrc\TinyXML\tinyxml2.cpp">
      <Filter>Quelldateien</Filter>
    </ClCompile>
    <ClCompile Include="pacMenu.cpp">
      <Filter>Quelldateien</Filter>
    </ClCompile>
    <ClCompile Include="pacProgressbar.cpp">
      <Filter>Quelldateien</Filter>
    </ClCompile>
  </ItemGroup>
  <ItemGroup>
    <ClInclude Include="pacMemory.h">
      <Filter>Headerdateien</Filter>
    </ClInclude>
    <ClInclude Include="pacSound.h">
      <Filter>Headerdateien</Filter>
    </ClInclude>
    <ClInclude Include="pacMath.h">
      <Filter>Headerdateien</Filter>
    </ClInclude>
    <ClInclude Include="pacGhosts.h">
      <Filter>Headerdateien</Filter>
    </ClInclude>
    <ClInclude Include="pacTile.h">
      <Filter>Headerdateien</Filter>
    </ClInclude>
    <ClInclude Include="pacError.h">
      <Filter>Headerdateien</Filter>
    </ClInclude>
    <ClInclude Include="pacIO.h">
      <Filter>Headerdateien</Filter>
    </ClInclude>
    <ClInclude Include="pacLevel.h">
      <Filter>Headerdateien</Filter>
    </ClInclude>
    <ClInclude Include="pacUtility.h">
      <Filter>Headerdateien</Filter>
    </ClInclude>
    <ClInclude Include="pacGame.h">
      <Filter>Headerdateien</Filter>
    </ClInclude>
    <ClInclude Include="pacMenu.h">
      <Filter>Headerdateien</Filter>
    </ClInclude>
    <ClInclude Include="pacProgressbar.h">
      <Filter>Headerdateien</Filter>
    </ClInclude>
  </ItemGroup>
  <ItemGroup>
    <Xml Include="lang.xml">
      <Filter>Ressourcendateien</Filter>
    </Xml>
    <Xml Include="config.xml">
      <Filter>Ressourcendateien</Filter>
    </Xml>
    <Xml Include="gameState.xml">
      <Filter>Ressourcendateien</Filter>
    </Xml>
    <Xml Include="data.xml">
      <Filter>Ressourcendateien</Filter>
    </Xml>
  </ItemGroup>
  <ItemGroup>
    <Text Include="log.txt">
      <Filter>Ressourcendateien</Filter>
    </Text>
    <Text Include="title_screen_menu.txt">
      <Filter>Ressourcendateien</Filter>
    </Text>
  </ItemGroup>
</Project>